
Microsoft Visual Studio Solution File, Format Version 12.00
# Visual Studio 15
VisualStudioVersion = 15.0.26730.12
MinimumVisualStudioVersion = 10.0.40219.1
Project("{8BC9CEB8-8B4A-11D0-8D11-00A0C91BC942}") = "homework1", "homework1\homework1.vcxproj", "{2438049A-4EE9-4AB3-A989-208458B5E21F}"
EndProject
Global
	GlobalSection(SolutionConfigurationPlatforms) = preSolution
		Debug|x64 = Debug|x64
		Debug|x86 = Debug|x86
		Release|x64 = Release|x64
		Release|x86 = Release|x86
	EndGlobalSection
	GlobalSection(ProjectConfigurationPlatforms) = postSolution
		{2438049A-4EE9-4AB3-A989-208458B5E21F}.Debug|x64.ActiveCfg = Debug|x64
		{2438049A-4EE9-4AB3-A989-208458B5E21F}.Debug|x64.Build.0 = Debug|x64
		{2438049A-4EE9-4AB3-A989-208458B5E21F}.Debug|x86.ActiveCfg = Debug|Win32
		{2438049A-4EE9-4AB3-A989-208458B5E21F}.Debug|x86.Build.0 = Debug|Win32
		{2438049A-4EE9-4AB3-A989-208458B5E21F}.Release|x64.ActiveCfg = Release|x64
		{2438049A-4EE9-4AB3-A989-208458B5E21F}.Release|x64.Build.0 = Release|x64
		{2438049A-4EE9-4AB3-A989-208458B5E21F}.Release|x86.ActiveCfg = Release|Win32
		{2438049A-4EE9-4AB3-A989-208458B5E21F}.Release|x86.Build.0 = Release|Win32
	EndGlobalSection
	GlobalSection(SolutionProperties) = preSolution
		HideSolutionNode = FALSE
	EndGlobalSection
	GlobalSection(ExtensibilityGlobals) = postSolution
		SolutionGuid = {50518B10-9BAF-4126-AFB2-C12D362B257C}
	EndGlobalSection
EndGlobal
