
Microsoft Visual Studio Solution File, Format Version 12.00
# Visual Studio 15
VisualStudioVersion = 15.0.26730.12
MinimumVisualStudioVersion = 10.0.40219.1
Project("{8BC9CEB8-8B4A-11D0-8D11-00A0C91BC942}") = "homework2", "homework2\homework2.vcxproj", "{12930F33-21BB-4D3F-A979-2EEBC53DE15D}"
EndProject
Global
	GlobalSection(SolutionConfigurationPlatforms) = preSolution
		Debug|x64 = Debug|x64
		Debug|x86 = Debug|x86
		Release|x64 = Release|x64
		Release|x86 = Release|x86
	EndGlobalSection
	GlobalSection(ProjectConfigurationPlatforms) = postSolution
		{12930F33-21BB-4D3F-A979-2EEBC53DE15D}.Debug|x64.ActiveCfg = Debug|x64
		{12930F33-21BB-4D3F-A979-2EEBC53DE15D}.Debug|x64.Build.0 = Debug|x64
		{12930F33-21BB-4D3F-A979-2EEBC53DE15D}.Debug|x86.ActiveCfg = Debug|Win32
		{12930F33-21BB-4D3F-A979-2EEBC53DE15D}.Debug|x86.Build.0 = Debug|Win32
		{12930F33-21BB-4D3F-A979-2EEBC53DE15D}.Release|x64.ActiveCfg = Release|x64
		{12930F33-21BB-4D3F-A979-2EEBC53DE15D}.Release|x64.Build.0 = Release|x64
		{12930F33-21BB-4D3F-A979-2EEBC53DE15D}.Release|x86.ActiveCfg = Release|Win32
		{12930F33-21BB-4D3F-A979-2EEBC53DE15D}.Release|x86.Build.0 = Release|Win32
	EndGlobalSection
	GlobalSection(SolutionProperties) = preSolution
		HideSolutionNode = FALSE
	EndGlobalSection
	GlobalSection(ExtensibilityGlobals) = postSolution
		SolutionGuid = {8F0EC4BB-82EE-4021-B5A2-EEFD1470602F}
	EndGlobalSection
EndGlobal
